
Microsoft Visual Studio Solution File, Format Version 12.00
# Visual Studio Version 17
VisualStudioVersion = 17.1.32210.238
MinimumVisualStudioVersion = 10.0.40219.1
Project("{FAE04EC0-301F-11D3-BF4B-00C04F79EFBC}") = "BancoDouglas", "BancoDouglas\BancoDouglas.csproj", "{8B9FC455-FFC4-4BC6-AB79-AA7566D15DFA}"
EndProject
Global
	GlobalSection(SolutionConfigurationPlatforms) = preSolution
		Debug|Any CPU = Debug|Any CPU
		Release|Any CPU = Release|Any CPU
	EndGlobalSection
	GlobalSection(ProjectConfigurationPlatforms) = postSolution
		{8B9FC455-FFC4-4BC6-AB79-AA7566D15DFA}.Debug|Any CPU.ActiveCfg = Debug|Any CPU
		{8B9FC455-FFC4-4BC6-AB79-AA7566D15DFA}.Debug|Any CPU.Build.0 = Debug|Any CPU
		{8B9FC455-FFC4-4BC6-AB79-AA7566D15DFA}.Release|Any CPU.ActiveCfg = Release|Any CPU
		{8B9FC455-FFC4-4BC6-AB79-AA7566D15DFA}.Release|Any CPU.Build.0 = Release|Any CPU
	EndGlobalSection
	GlobalSection(SolutionProperties) = preSolution
		HideSolutionNode = FALSE
	EndGlobalSection
	GlobalSection(ExtensibilityGlobals) = postSolution
		SolutionGuid = {5F9CC0D6-168D-49FA-B7D3-19CE432952BE}
	EndGlobalSection
EndGlobal
